Microsoft Visual Studio Solution File, Format Version 12.00
# Visual Studio Version 17
VisualStudioVersion = 17.5.2.0
MinimumVisualStudioVersion = 10.0.40219.1
Project("{FAE04EC0-301F-11D3-BF4B-00C04F79EFBC}") = "CustomModifiers", "CustomModifiers.csproj", "{103145A0-ACB5-3840-C9D8-C98EB029CD1D}"
EndProject
Global
	GlobalSection(SolutionConfigurationPlatforms) = preSolution
		Debug|Any CPU = Debug|Any CPU
		Release|Any CPU = Release|Any CPU
	EndGlobalSection
	GlobalSection(ProjectConfigurationPlatforms) = postSolution
		{103145A0-ACB5-3840-C9D8-C98EB029CD1D}.Debug|Any CPU.ActiveCfg = Debug|Any CPU
		{103145A0-ACB5-3840-C9D8-C98EB029CD1D}.Debug|Any CPU.Build.0 = Debug|Any CPU
		{103145A0-ACB5-3840-C9D8-C98EB029CD1D}.Release|Any CPU.ActiveCfg = Release|Any CPU
		{103145A0-ACB5-3840-C9D8-C98EB029CD1D}.Release|Any CPU.Build.0 = Release|Any CPU
	EndGlobalSection
	GlobalSection(SolutionProperties) = preSolution
		HideSolutionNode = FALSE
	EndGlobalSection
	GlobalSection(ExtensibilityGlobals) = postSolution
		SolutionGuid = {3A08825D-7C6E-43B4-AB62-B0DE8FAC073A}
	EndGlobalSection
EndGlobal
